
Microsoft Visual Studio Solution File, Format Version 12.00
# Visual Studio Version 17
VisualStudioVersion = 17.7.34202.233
MinimumVisualStudioVersion = 10.0.40219.1
Project("{FAE04EC0-301F-11D3-BF4B-00C04F79EFBC}") = "ConsoleApp3", "ConsoleApp3\ConsoleApp3.csproj", "{2F84B617-26EE-47D2-B6DD-62442B2D1F43}"
EndProject
Global
	GlobalSection(SolutionConfigurationPlatforms) = preSolution
		Debug|Any CPU = Debug|Any CPU
		Release|Any CPU = Release|Any CPU
	EndGlobalSection
	GlobalSection(ProjectConfigurationPlatforms) = postSolution
		{2F84B617-26EE-47D2-B6DD-62442B2D1F43}.Debug|Any CPU.ActiveCfg = Debug|Any CPU
		{2F84B617-26EE-47D2-B6DD-62442B2D1F43}.Debug|Any CPU.Build.0 = Debug|Any CPU
		{2F84B617-26EE-47D2-B6DD-62442B2D1F43}.Release|Any CPU.ActiveCfg = Release|Any CPU
		{2F84B617-26EE-47D2-B6DD-62442B2D1F43}.Release|Any CPU.Build.0 = Release|Any CPU
	EndGlobalSection
	GlobalSection(SolutionProperties) = preSolution
		HideSolutionNode = FALSE
	EndGlobalSection
	GlobalSection(ExtensibilityGlobals) = postSolution
		SolutionGuid = {18294345-FBBB-4D50-8579-A8EA16D4AD0D}
	EndGlobalSection
EndGlobal
